
Microsoft Visual Studio Solution File, Format Version 12.00
# Visual Studio Version 16
VisualStudioVersion = 16.0.31624.102
MinimumVisualStudioVersion = 10.0.40219.1
Project("{9A19103F-16F7-4668-BE54-9A1E7A4F7556}") = "EarthquakeChallenge.Presentation", "src\EarthquakeChallenge.Presentation\EarthquakeChallenge.Presentation.csproj", "{F14ED2F8-787A-49FE-9179-D68DCFB0F057}"
EndProject
Project("{FAE04EC0-301F-11D3-BF4B-00C04F79EFBC}") = "EarthquakeChallenge.Services", "src\EarthquakeChallenge.Services\EarthquakeChallenge.Services\EarthquakeChallenge.Services.csproj", "{D22FD8E7-729B-4A89-B487-B22E0731EE89}"
EndProject
Project("{FAE04EC0-301F-11D3-BF4B-00C04F79EFBC}") = "EarthquakeChallenge.Domain", "src\EarthquakeChallenge.Domain\EarthquakeChallenge.Domain\EarthquakeChallenge.Domain.csproj", "{70D1DEC8-78FA-4F5B-92E5-A36E3B3D0173}"
EndProject
Global
	GlobalSection(SolutionConfigurationPlatforms) = preSolution
		Debug|Any CPU = Debug|Any CPU
		Release|Any CPU = Release|Any CPU
	EndGlobalSection
	GlobalSection(ProjectConfigurationPlatforms) = postSolution
		{F14ED2F8-787A-49FE-9179-D68DCFB0F057}.Debug|Any CPU.ActiveCfg = Debug|Any CPU
		{F14ED2F8-787A-49FE-9179-D68DCFB0F057}.Debug|Any CPU.Build.0 = Debug|Any CPU
		{F14ED2F8-787A-49FE-9179-D68DCFB0F057}.Release|Any CPU.ActiveCfg = Release|Any CPU
		{F14ED2F8-787A-49FE-9179-D68DCFB0F057}.Release|Any CPU.Build.0 = Release|Any CPU
		{D22FD8E7-729B-4A89-B487-B22E0731EE89}.Debug|Any CPU.ActiveCfg = Debug|Any CPU
		{D22FD8E7-729B-4A89-B487-B22E0731EE89}.Debug|Any CPU.Build.0 = Debug|Any CPU
		{D22FD8E7-729B-4A89-B487-B22E0731EE89}.Release|Any CPU.ActiveCfg = Release|Any CPU
		{D22FD8E7-729B-4A89-B487-B22E0731EE89}.Release|Any CPU.Build.0 = Release|Any CPU
		{70D1DEC8-78FA-4F5B-92E5-A36E3B3D0173}.Debug|Any CPU.ActiveCfg = Debug|Any CPU
		{70D1DEC8-78FA-4F5B-92E5-A36E3B3D0173}.Debug|Any CPU.Build.0 = Debug|Any CPU
		{70D1DEC8-78FA-4F5B-92E5-A36E3B3D0173}.Release|Any CPU.ActiveCfg = Release|Any CPU
		{70D1DEC8-78FA-4F5B-92E5-A36E3B3D0173}.Release|Any CPU.Build.0 = Release|Any CPU
	EndGlobalSection
	GlobalSection(SolutionProperties) = preSolution
		HideSolutionNode = FALSE
	EndGlobalSection
	GlobalSection(ExtensibilityGlobals) = postSolution
		SolutionGuid = {BB8B3F41-FE3D-4989-A489-BE832601181D}
	EndGlobalSection
EndGlobal
